// !$*UTF8*$!
{
	archiveVersion = 1;
	classes = {
	};
	objectVersion = 46;
	objects = {

/* Begin PBXBuildFile section */
		D91A6DE41CB75B85001C55DC /* AFNetworking.framework in Frameworks */ = {isa = PBXBuildFile; fileRef = D91A6DE31CB75B85001C55DC /* AFNetworking.framework */; };
		D91A6DEC1CB7B03E001C55DC /* IOSGeneralPurposeFramework.framework in Frameworks */ = {isa = PBXBuildFile; fileRef = D91A6DEB1CB7B03E001C55DC /* IOSGeneralPurposeFramework.framework */; };
		D981E0F71CB604C0008B5DA1 /* main.m in Sources */ = {isa = PBXBuildFile; fileRef = D981E0F61CB604C0008B5DA1 /* main.m */; };
		D981E0FA1CB604C0008B5DA1 /* AppDelegate.m in Sources */ = {isa = PBXBuildFile; fileRef = D981E0F91CB604C0008B5DA1 /* AppDelegate.m */; };
		D981E0FD1CB604C0008B5DA1 /* ViewController.m in Sources */ = {isa = PBXBuildFile; fileRef = D981E0FC1CB604C0008B5DA1 /* ViewController.m */; };
		D981E1001CB604C0008B5DA1 /* Main.storyboard in Resources */ = {isa = PBXBuildFile; fileRef = D981E0FE1CB604C0008B5DA1 /* Main.storyboard */; };
		D981E1021CB604C0008B5DA1 /* Assets.xcassets in Resources */ = {isa = PBXBuildFile; fileRef = D981E1011CB604C0008B5DA1 /* Assets.xcassets */; };
		D981E1051CB604C0008B5DA1 /* LaunchScreen.storyboard in Resources */ = {isa = PBXBuildFile; fileRef = D981E1031CB604C0008B5DA1 /* LaunchScreen.storyboard */; };
		D981E1101CB604C0008B5DA1 /* CPJIntroductionTests.m in Sources */ = {isa = PBXBuildFile; fileRef = D981E10F1CB604C0008B5DA1 /* CPJIntroductionTests.m */; };
		D981E11B1CB604C0008B5DA1 /* CPJIntroductionUITests.m in Sources */ = {isa = PBXBuildFile; fileRef = D981E11A1CB604C0008B5DA1 /* CPJIntroductionUITests.m */; };
		D981E12B1CB6054A008B5DA1 /* CPJIntroduction.m in Sources */ = {isa = PBXBuildFile; fileRef = D981E12A1CB6054A008B5DA1 /* CPJIntroduction.m */; };
		D981E12D1CB6363C008B5DA1 /* IntroductionJson.json in Resources */ = {isa = PBXBuildFile; fileRef = D981E12C1CB6363C008B5DA1 /* IntroductionJson.json */; };
		D981E1831CB63A20008B5DA1 /* MBProgressHUD.m in Sources */ = {isa = PBXBuildFile; fileRef = D981E1481CB63A20008B5DA1 /* MBProgressHUD.m */; };
		D981E1841CB63A20008B5DA1 /* MJRefreshAutoFooter.m in Sources */ = {isa = PBXBuildFile; fileRef = D981E14C1CB63A20008B5DA1 /* MJRefreshAutoFooter.m */; };
		D981E1851CB63A20008B5DA1 /* MJRefreshBackFooter.m in Sources */ = {isa = PBXBuildFile; fileRef = D981E14E1CB63A20008B5DA1 /* MJRefreshBackFooter.m */; };
		D981E1861CB63A20008B5DA1 /* MJRefreshComponent.m in Sources */ = {isa = PBXBuildFile; fileRef = D981E1501CB63A20008B5DA1 /* MJRefreshComponent.m */; };
		D981E1871CB63A20008B5DA1 /* MJRefreshFooter.m in Sources */ = {isa = PBXBuildFile; fileRef = D981E1521CB63A20008B5DA1 /* MJRefreshFooter.m */; };
		D981E1881CB63A20008B5DA1 /* MJRefreshHeader.m in Sources */ = {isa = PBXBuildFile; fileRef = D981E1541CB63A20008B5DA1 /* MJRefreshHeader.m */; };
		D981E1891CB63A20008B5DA1 /* MJRefreshAutoGifFooter.m in Sources */ = {isa = PBXBuildFile; fileRef = D981E1591CB63A20008B5DA1 /* MJRefreshAutoGifFooter.m */; };
		D981E18A1CB63A20008B5DA1 /* MJRefreshAutoNormalFooter.m in Sources */ = {isa = PBXBuildFile; fileRef = D981E15B1CB63A20008B5DA1 /* MJRefreshAutoNormalFooter.m */; };
		D981E18B1CB63A20008B5DA1 /* MJRefreshAutoStateFooter.m in Sources */ = {isa = PBXBuildFile; fileRef = D981E15D1CB63A20008B5DA1 /* MJRefreshAutoStateFooter.m */; };
		D981E18C1CB63A20008B5DA1 /* MJRefreshBackGifFooter.m in Sources */ = {isa = PBXBuildFile; fileRef = D981E1601CB63A20008B5DA1 /* MJRefreshBackGifFooter.m */; };
		D981E18D1CB63A20008B5DA1 /* MJRefreshBackNormalFooter.m in Sources */ = {isa = PBXBuildFile; fileRef = D981E1621CB63A20008B5DA1 /* MJRefreshBackNormalFooter.m */; };
		D981E18E1CB63A20008B5DA1 /* MJRefreshBackStateFooter.m in Sources */ = {isa = PBXBuildFile; fileRef = D981E1641CB63A20008B5DA1 /* MJRefreshBackStateFooter.m */; };
		D981E18F1CB63A20008B5DA1 /* MJRefreshGifHeader.m in Sources */ = {isa = PBXBuildFile; fileRef = D981E1671CB63A20008B5DA1 /* MJRefreshGifHeader.m */; };
		D981E1901CB63A20008B5DA1 /* MJRefreshNormalHeader.m in Sources */ = {isa = PBXBuildFile; fileRef = D981E1691CB63A20008B5DA1 /* MJRefreshNormalHeader.m */; };
		D981E1911CB63A20008B5DA1 /* MJRefreshStateHeader.m in Sources */ = {isa = PBXBuildFile; fileRef = D981E16B1CB63A20008B5DA1 /* MJRefreshStateHeader.m */; };
		D981E1921CB63A20008B5DA1 /* MJRefresh.bundle in Resources */ = {isa = PBXBuildFile; fileRef = D981E16C1CB63A20008B5DA1 /* MJRefresh.bundle */; };
		D981E1931CB63A20008B5DA1 /* MJRefreshConst.m in Sources */ = {isa = PBXBuildFile; fileRef = D981E16F1CB63A20008B5DA1 /* MJRefreshConst.m */; };
		D981E1941CB63A20008B5DA1 /* UIScrollView+MJExtension.m in Sources */ = {isa = PBXBuildFile; fileRef = D981E1711CB63A20008B5DA1 /* UIScrollView+MJExtension.m */; };
		D981E1951CB63A20008B5DA1 /* UIScrollView+MJRefresh.m in Sources */ = {isa = PBXBuildFile; fileRef = D981E1731CB63A20008B5DA1 /* UIScrollView+MJRefresh.m */; };
		D981E1961CB63A20008B5DA1 /* UIView+MJExtension.m in Sources */ = {isa = PBXBuildFile; fileRef = D981E1751CB63A20008B5DA1 /* UIView+MJExtension.m */; };
		D981E1971CB63A20008B5DA1 /* Reachability.m in Sources */ = {isa = PBXBuildFile; fileRef = D981E1771CB63A20008B5DA1 /* Reachability.m */; };
		D981E1981CB63A20008B5DA1 /* UIViewExt.m in Sources */ = {isa = PBXBuildFile; fileRef = D981E1791CB63A20008B5DA1 /* UIViewExt.m */; };
		D981E19F1CB63E3D008B5DA1 /* MYBlurIntroductionView.m in Sources */ = {isa = PBXBuildFile; fileRef = D981E19C1CB63E3D008B5DA1 /* MYBlurIntroductionView.m */; };
		D981E1A01CB63E3D008B5DA1 /* MYIntroductionPanel.m in Sources */ = {isa = PBXBuildFile; fileRef = D981E19E1CB63E3D008B5DA1 /* MYIntroductionPanel.m */; };
		D981E1A21CB66771008B5DA1 /* app.py in Resources */ = {isa = PBXBuildFile; fileRef = D981E1A11CB66771008B5DA1 /* app.py */; };
/* End PBXBuildFile section */

/* Begin PBXContainerItemProxy section */
		D981E10C1CB604C0008B5DA1 /* PBXContainerItemProxy */ = {
			isa = PBXContainerItemProxy;
			containerPortal = D981E0EA1CB604C0008B5DA1 /* Project object */;
			proxyType = 1;
			remoteGlobalIDString = D981E0F11CB604C0008B5DA1;
			remoteInfo = CPJIntroduction;
		};
		D981E1171CB604C0008B5DA1 /* PBXContainerItemProxy */ = {
			isa = PBXContainerItemProxy;
			containerPortal = D981E0EA1CB604C0008B5DA1 /* Project object */;
			proxyType = 1;
			remoteGlobalIDString = D981E0F11CB604C0008B5DA1;
			remoteInfo = CPJIntroduction;
		};
/* End PBXContainerItemProxy section */

/* Begin PBXFileReference section */
		D91A6DE31CB75B85001C55DC /* AFNetworking.framework */ = {isa = PBXFileReference; lastKnownFileType = wrapper.framework; path = AFNetworking.framework; sourceTree = "<group>"; };
		D91A6DEB1CB7B03E001C55DC /* IOSGeneralPurposeFramework.framework */ = {isa = PBXFileReference; lastKnownFileType = wrapper.framework; path = IOSGeneralPurposeFramework.framework; sourceTree = "<group>"; };
		D981E0F21CB604C0008B5DA1 /* CPJIntroduction.app */ = {isa = PBXFileReference; explicitFileType = wrapper.application; includeInIndex = 0; path = CPJIntroduction.app; sourceTree = BUILT_PRODUCTS_DIR; };
		D981E0F61CB604C0008B5DA1 /* main.m */ = {isa = PBXFileReference; lastKnownFileType = sourcecode.c.objc; path = main.m; sourceTree = "<group>"; };
		D981E0F81CB604C0008B5DA1 /* AppDelegate.h */ = {isa = PBXFileReference; lastKnownFileType = sourcecode.c.h; path = AppDelegate.h; sourceTree = "<group>"; };
		D981E0F91CB604C0008B5DA1 /* AppDelegate.m */ = {isa = PBXFileReference; lastKnownFileType = sourcecode.c.objc; path = AppDelegate.m; sourceTree = "<group>"; };
		D981E0FB1CB604C0008B5DA1 /* ViewController.h */ = {isa = PBXFileReference; lastKnownFileType = sourcecode.c.h; path = ViewController.h; sourceTree = "<group>"; };
		D981E0FC1CB604C0008B5DA1 /* ViewController.m */ = {isa = PBXFileReference; lastKnownFileType = sourcecode.c.objc; path = ViewController.m; sourceTree = "<group>"; };
		D981E0FF1CB604C0008B5DA1 /* Base */ = {isa = PBXFileReference; lastKnownFileType = file.storyboard; name = Base; path = Base.lproj/Main.storyboard; sourceTree = "<group>"; };
		D981E1011CB604C0008B5DA1 /* Assets.xcassets */ = {isa = PBXFileReference; lastKnownFileType = folder.assetcatalog; path = Assets.xcassets; sourceTree = "<group>"; };
		D981E1041CB604C0008B5DA1 /* Base */ = {isa = PBXFileReference; lastKnownFileType = file.storyboard; name = Base; path = Base.lproj/LaunchScreen.storyboard; sourceTree = "<group>"; };
		D981E1061CB604C0008B5DA1 /* Info.plist */ = {isa = PBXFileReference; lastKnownFileType = text.plist.xml; path = Info.plist; sourceTree = "<group>"; };
		D981E10B1CB604C0008B5DA1 /* CPJIntroductionTests.xctest */ = {isa = PBXFileReference; explicitFileType = wrapper.cfbundle; includeInIndex = 0; path = CPJIntroductionTests.xctest; sourceTree = BUILT_PRODUCTS_DIR; };
		D981E10F1CB604C0008B5DA1 /* CPJIntroductionTests.m */ = {isa = PBXFileReference; lastKnownFileType = sourcecode.c.objc; path = CPJIntroductionTests.m; sourceTree = "<group>"; };
		D981E1111CB604C0008B5DA1 /* Info.plist */ = {isa = PBXFileReference; lastKnownFileType = text.plist.xml; path = Info.plist; sourceTree = "<group>"; };
		D981E1161CB604C0008B5DA1 /* CPJIntroductionUITests.xctest */ = {isa = PBXFileReference; explicitFileType = wrapper.cfbundle; includeInIndex = 0; path = CPJIntroductionUITests.xctest; sourceTree = BUILT_PRODUCTS_DIR; };
		D981E11A1CB604C0008B5DA1 /* CPJIntroductionUITests.m */ = {isa = PBXFileReference; lastKnownFileType = sourcecode.c.objc; path = CPJIntroductionUITests.m; sourceTree = "<group>"; };
		D981E11C1CB604C0008B5DA1 /* Info.plist */ = {isa = PBXFileReference; lastKnownFileType = text.plist.xml; path = Info.plist; sourceTree = "<group>"; };
		D981E1291CB6054A008B5DA1 /* CPJIntroduction.h */ = {isa = PBXFileReference; fileEncoding = 4; lastKnownFileType = sourcecode.c.h; path = CPJIntroduction.h; sourceTree = "<group>"; };
		D981E12A1CB6054A008B5DA1 /* CPJIntroduction.m */ = {isa = PBXFileReference; fileEncoding = 4; lastKnownFileType = sourcecode.c.objc; path = CPJIntroduction.m; sourceTree = "<group>"; };
		D981E12C1CB6363C008B5DA1 /* IntroductionJson.json */ = {isa = PBXFileReference; fileEncoding = 4; lastKnownFileType = text.json; path = IntroductionJson.json; sourceTree = "<group>"; };
		D981E1471CB63A20008B5DA1 /* MBProgressHUD.h */ = {isa = PBXFileReference; fileEncoding = 4; lastKnownFileType = sourcecode.c.h; path = MBProgressHUD.h; sourceTree = "<group>"; };
		D981E1481CB63A20008B5DA1 /* MBProgressHUD.m */ = {isa = PBXFileReference; fileEncoding = 4; lastKnownFileType = sourcecode.c.objc; path = MBProgressHUD.m; sourceTree = "<group>"; };
		D981E14B1CB63A20008B5DA1 /* MJRefreshAutoFooter.h */ = {isa = PBXFileReference; fileEncoding = 4; lastKnownFileType = sourcecode.c.h; path = MJRefreshAutoFooter.h; sourceTree = "<group>"; };
		D981E14C1CB63A20008B5DA1 /* MJRefreshAutoFooter.m */ = {isa = PBXFileReference; fileEncoding = 4; lastKnownFileType = sourcecode.c.objc; path = MJRefreshAutoFooter.m; sourceTree = "<group>"; };
		D981E14D1CB63A20008B5DA1 /* MJRefreshBackFooter.h */ = {isa = PBXFileReference; fileEncoding = 4; lastKnownFileType = sourcecode.c.h; path = MJRefreshBackFooter.h; sourceTree = "<group>"; };
		D981E14E1CB63A20008B5DA1 /* MJRefreshBackFooter.m */ = {isa = PBXFileReference; fileEncoding = 4; lastKnownFileType = sourcecode.c.objc; path = MJRefreshBackFooter.m; sourceTree = "<group>"; };
		D981E14F1CB63A20008B5DA1 /* MJRefreshComponent.h */ = {isa = PBXFileReference; fileEncoding = 4; lastKnownFileType = sourcecode.c.h; path = MJRefreshComponent.h; sourceTree = "<group>"; };
		D981E1501CB63A20008B5DA1 /* MJRefreshComponent.m */ = {isa = PBXFileReference; fileEncoding = 4; lastKnownFileType = sourcecode.c.objc; path = MJRefreshComponent.m; sourceTree = "<group>"; };
		D981E1511CB63A20008B5DA1 /* MJRefreshFooter.h */ = {isa = PBXFileReference; fileEncoding = 4; lastKnownFileType = sourcecode.c.h; path = MJRefreshFooter.h; sourceTree = "<group>"; };
		D981E1521CB63A20008B5DA1 /* MJRefreshFooter.m */ = {isa = PBXFileReference; fileEncoding = 4; lastKnownFileType = sourcecode.c.objc; path = MJRefreshFooter.m; sourceTree = "<group>"; };
		D981E1531CB63A20008B5DA1 /* MJRefreshHeader.h */ = {isa = PBXFileReference; fileEncoding = 4; lastKnownFileType = sourcecode.c.h; path = MJRefreshHeader.h; sourceTree = "<group>"; };
		D981E1541CB63A20008B5DA1 /* MJRefreshHeader.m */ = {isa = PBXFileReference; fileEncoding = 4; lastKnownFileType = sourcecode.c.objc; path = MJRefreshHeader.m; sourceTree = "<group>"; };
		D981E1581CB63A20008B5DA1 /* MJRefreshAutoGifFooter.h */ = {isa = PBXFileReference; fileEncoding = 4; lastKnownFileType = sourcecode.c.h; path = MJRefreshAutoGifFooter.h; sourceTree = "<group>"; };
		D981E1591CB63A20008B5DA1 /* MJRefreshAutoGifFooter.m */ = {isa = PBXFileReference; fileEncoding = 4; lastKnownFileType = sourcecode.c.objc; path = MJRefreshAutoGifFooter.m; sourceTree = "<group>"; };
		D981E15A1CB63A20008B5DA1 /* MJRefreshAutoNormalFooter.h */ = {isa = PBXFileReference; fileEncoding = 4; lastKnownFileType = sourcecode.c.h; path = MJRefreshAutoNormalFooter.h; sourceTree = "<group>"; };
		D981E15B1CB63A20008B5DA1 /* MJRefreshAutoNormalFooter.m */ = {isa = PBXFileReference; fileEncoding = 4; lastKnownFileType = sourcecode.c.objc; path = MJRefreshAutoNormalFooter.m; sourceTree = "<group>"; };
		D981E15C1CB63A20008B5DA1 /* MJRefreshAutoStateFooter.h */ = {isa = PBXFileReference; fileEncoding = 4; lastKnownFileType = sourcecode.c.h; path = MJRefreshAutoStateFooter.h; sourceTree = "<group>"; };
		D981E15D1CB63A20008B5DA1 /* MJRefreshAutoStateFooter.m */ = {isa = PBXFileReference; fileEncoding = 4; lastKnownFileType = sourcecode.c.objc; path = MJRefreshAutoStateFooter.m; sourceTree = "<group>"; };
		D981E15F1CB63A20008B5DA1 /* MJRefreshBackGifFooter.h */ = {isa = PBXFileReference; fileEncoding = 4; lastKnownFileType = sourcecode.c.h; path = MJRefreshBackGifFooter.h; sourceTree = "<group>"; };
		D981E1601CB63A20008B5DA1 /* MJRefreshBackGifFooter.m */ = {isa = PBXFileReference; fileEncoding = 4; lastKnownFileType = sourcecode.c.objc; path = MJRefreshBackGifFooter.m; sourceTree = "<group>"; };
		D981E1611CB63A20008B5DA1 /* MJRefreshBackNormalFooter.h */ = {isa = PBXFileReference; fileEncoding = 4; lastKnownFileType = sourcecode.c.h; path = MJRefreshBackNormalFooter.h; sourceTree = "<group>"; };
		D981E1621CB63A20008B5DA1 /* MJRefreshBackNormalFooter.m */ = {isa = PBXFileReference; fileEncoding = 4; lastKnownFileType = sourcecode.c.objc; path = MJRefreshBackNormalFooter.m; sourceTree = "<group>"; };
		D981E1631CB63A20008B5DA1 /* MJRefreshBackStateFooter.h */ = {isa = PBXFileReference; fileEncoding = 4; lastKnownFileType = sourcecode.c.h; path = MJRefreshBackStateFooter.h; sourceTree = "<group>"; };
		D981E1641CB63A20008B5DA1 /* MJRefreshBackStateFooter.m */ = {isa = PBXFileReference; fileEncoding = 4; lastKnownFileType = sourcecode.c.objc; path = MJRefreshBackStateFooter.m; sourceTree = "<group>"; };
		D981E1661CB63A20008B5DA1 /* MJRefreshGifHeader.h */ = {isa = PBXFileReference; fileEncoding = 4; lastKnownFileType = sourcecode.c.h; path = MJRefreshGifHeader.h; sourceTree = "<group>"; };
		D981E1671CB63A20008B5DA1 /* MJRefreshGifHeader.m */ = {isa = PBXFileReference; fileEncoding = 4; lastKnownFileType = sourcecode.c.objc; path = MJRefreshGifHeader.m; sourceTree = "<group>"; };
		D981E1681CB63A20008B5DA1 /* MJRefreshNormalHeader.h */ = {isa = PBXFileReference; fileEncoding = 4; lastKnownFileType = sourcecode.c.h; path = MJRefreshNormalHeader.h; sourceTree = "<group>"; };
		D981E1691CB63A20008B5DA1 /* MJRefreshNormalHeader.m */ = {isa = PBXFileReference; fileEncoding = 4; lastKnownFileType = sourcecode.c.objc; path = MJRefreshNormalHeader.m; sourceTree = "<group>"; };
		D981E16A1CB63A20008B5DA1 /* MJRefreshStateHeader.h */ = {isa = PBXFileReference; fileEncoding = 4; lastKnownFileType = sourcecode.c.h; path = MJRefreshStateHeader.h; sourceTree = "<group>"; };
		D981E16B1CB63A20008B5DA1 /* MJRefreshStateHeader.m */ = {isa = PBXFileReference; fileEncoding = 4; lastKnownFileType = sourcecode.c.objc; path = MJRefreshStateHeader.m; sourceTree = "<group>"; };
		D981E16C1CB63A20008B5DA1 /* MJRefresh.bundle */ = {isa = PBXFileReference; lastKnownFileType = "wrapper.plug-in"; path = MJRefresh.bundle; sourceTree = "<group>"; };
		D981E16D1CB63A20008B5DA1 /* MJRefresh.h */ = {isa = PBXFileReference; fileEncoding = 4; lastKnownFileType = sourcecode.c.h; path = MJRefresh.h; sourceTree = "<group>"; };
		D981E16E1CB63A20008B5DA1 /* MJRefreshConst.h */ = {isa = PBXFileReference; fileEncoding = 4; lastKnownFileType = sourcecode.c.h; path = MJRefreshConst.h; sourceTree = "<group>"; };
		D981E16F1CB63A20008B5DA1 /* MJRefreshConst.m */ = {isa = PBXFileReference; fileEncoding = 4; lastKnownFileType = sourcecode.c.objc; path = MJRefreshConst.m; sourceTree = "<group>"; };
		D981E1701CB63A20008B5DA1 /* UIScrollView+MJExtension.h */ = {isa = PBXFileReference; fileEncoding = 4; lastKnownFileType = sourcecode.c.h; path = "UIScrollView+MJExtension.h"; sourceTree = "<group>"; };
		D981E1711CB63A20008B5DA1 /* UIScrollView+MJExtension.m */ = {isa = PBXFileReference; fileEncoding = 4; lastKnownFileType = sourcecode.c.objc; path = "UIScrollView+MJExtension.m"; sourceTree = "<group>"; };
		D981E1721CB63A20008B5DA1 /* UIScrollView+MJRefresh.h */ = {isa = PBXFileReference; fileEncoding = 4; lastKnownFileType = sourcecode.c.h; path = "UIScrollView+MJRefresh.h"; sourceTree = "<group>"; };
		D981E1731CB63A20008B5DA1 /* UIScrollView+MJRefresh.m */ = {isa = PBXFileReference; fileEncoding = 4; lastKnownFileType = sourcecode.c.objc; path = "UIScrollView+MJRefresh.m"; sourceTree = "<group>"; };
		D981E1741CB63A20008B5DA1 /* UIView+MJExtension.h */ = {isa = PBXFileReference; fileEncoding = 4; lastKnownFileType = sourcecode.c.h; path = "UIView+MJExtension.h"; sourceTree = "<group>"; };
		D981E1751CB63A20008B5DA1 /* UIView+MJExtension.m */ = {isa = PBXFileReference; fileEncoding = 4; lastKnownFileType = sourcecode.c.objc; path = "UIView+MJExtension.m"; sourceTree = "<group>"; };
		D981E1761CB63A20008B5DA1 /* Reachability.h */ = {isa = PBXFileReference; fileEncoding = 4; lastKnownFileType = sourcecode.c.h; path = Reachability.h; sourceTree = "<group>"; };
		D981E1771CB63A20008B5DA1 /* Reachability.m */ = {isa = PBXFileReference; fileEncoding = 4; lastKnownFileType = sourcecode.c.objc; path = Reachability.m; sourceTree = "<group>"; };
		D981E1781CB63A20008B5DA1 /* UIViewExt.h */ = {isa = PBXFileReference; fileEncoding = 4; lastKnownFileType = sourcecode.c.h; path = UIViewExt.h; sourceTree = "<group>"; };
		D981E1791CB63A20008B5DA1 /* UIViewExt.m */ = {isa = PBXFileReference; fileEncoding = 4; lastKnownFileType = sourcecode.c.objc; path = UIViewExt.m; sourceTree = "<group>"; };
		D981E1991CB63A63008B5DA1 /* PrefixHeader.pch */ = {isa = PBXFileReference; fileEncoding = 4; lastKnownFileType = sourcecode.c.h; path = PrefixHeader.pch; sourceTree = "<group>"; };
		D981E19B1CB63E3D008B5DA1 /* MYBlurIntroductionView.h */ = {isa = PBXFileReference; fileEncoding = 4; lastKnownFileType = sourcecode.c.h; path = MYBlurIntroductionView.h; sourceTree = "<group>"; };
		D981E19C1CB63E3D008B5DA1 /* MYBlurIntroductionView.m */ = {isa = PBXFileReference; fileEncoding = 4; lastKnownFileType = sourcecode.c.objc; path = MYBlurIntroductionView.m; sourceTree = "<group>"; };
		D981E19D1CB63E3D008B5DA1 /* MYIntroductionPanel.h */ = {isa = PBXFileReference; fileEncoding = 4; lastKnownFileType = sourcecode.c.h; path = MYIntroductionPanel.h; sourceTree = "<group>"; };
		D981E19E1CB63E3D008B5DA1 /* MYIntroductionPanel.m */ = {isa = PBXFileReference; fileEncoding = 4; lastKnownFileType = sourcecode.c.objc; path = MYIntroductionPanel.m; sourceTree = "<group>"; };
		D981E1A11CB66771008B5DA1 /* app.py */ = {isa = PBXFileReference; fileEncoding = 4; lastKnownFileType = text.script.python; path = app.py; sourceTree = "<group>"; };
/* End PBXFileReference section */

/* Begin PBXFrameworksBuildPhase section */
		D981E0EF1CB604C0008B5DA1 /* Frameworks */ = {
			isa = PBXFrameworksBuildPhase;
			buildActionMask = 2147483647;
			files = (
				D91A6DE41CB75B85001C55DC /* AFNetworking.framework in Frameworks */,
				D91A6DEC1CB7B03E001C55DC /* IOSGeneralPurposeFramework.framework in Frameworks */,
			);
			runOnlyForDeploymentPostprocessing = 0;
		};
		D981E1081CB604C0008B5DA1 /* Frameworks */ = {
			isa = PBXFrameworksBuildPhase;
			buildActionMask = 2147483647;
			files = (
			);
			runOnlyForDeploymentPostprocessing = 0;
		};
		D981E1131CB604C0008B5DA1 /* Frameworks */ = {
			isa = PBXFrameworksBuildPhase;
			buildActionMask = 2147483647;
			files = (
			);
			runOnlyForDeploymentPostprocessing = 0;
		};
/* End PBXFrameworksBuildPhase section */

/* Begin PBXGroup section */
		D981E0E91CB604C0008B5DA1 = {
			isa = PBXGroup;
			children = (
				D981E0F41CB604C0008B5DA1 /* CPJIntroduction */,
				D981E10E1CB604C0008B5DA1 /* CPJIntroductionTests */,
				D981E1191CB604C0008B5DA1 /* CPJIntroductionUITests */,
				D981E0F31CB604C0008B5DA1 /* Products */,
			);
			sourceTree = "<group>";
		};
		D981E0F31CB604C0008B5DA1 /* Products */ = {
			isa = PBXGroup;
			children = (
				D981E0F21CB604C0008B5DA1 /* CPJIntroduction.app */,
				D981E10B1CB604C0008B5DA1 /* CPJIntroductionTests.xctest */,
				D981E1161CB604C0008B5DA1 /* CPJIntroductionUITests.xctest */,
			);
			name = Products;
			sourceTree = "<group>";
		};
		D981E0F41CB604C0008B5DA1 /* CPJIntroduction */ = {
			isa = PBXGroup;
			children = (
				D981E1281CB6052F008B5DA1 /* CPJIntroduction */,
				D981E0F81CB604C0008B5DA1 /* AppDelegate.h */,
				D981E0F91CB604C0008B5DA1 /* AppDelegate.m */,
				D981E0FB1CB604C0008B5DA1 /* ViewController.h */,
				D981E0FC1CB604C0008B5DA1 /* ViewController.m */,
				D981E0FE1CB604C0008B5DA1 /* Main.storyboard */,
				D981E1011CB604C0008B5DA1 /* Assets.xcassets */,
				D981E1031CB604C0008B5DA1 /* LaunchScreen.storyboard */,
				D981E1061CB604C0008B5DA1 /* Info.plist */,
				D91A6DEB1CB7B03E001C55DC /* IOSGeneralPurposeFramework.framework */,
				D981E1301CB63A20008B5DA1 /* Common */,
				D981E0F51CB604C0008B5DA1 /* Supporting Files */,
				D981E12C1CB6363C008B5DA1 /* IntroductionJson.json */,
				D981E1991CB63A63008B5DA1 /* PrefixHeader.pch */,
				D981E1A11CB66771008B5DA1 /* app.py */,
			);
			path = CPJIntroduction;
			sourceTree = "<group>";
		};
		D981E0F51CB604C0008B5DA1 /* Supporting Files */ = {
			isa = PBXGroup;
			children = (
				D981E0F61CB604C0008B5DA1 /* main.m */,
			);
			name = "Supporting Files";
			sourceTree = "<group>";
		};
		D981E10E1CB604C0008B5DA1 /* CPJIntroductionTests */ = {
			isa = PBXGroup;
			children = (
				D981E10F1CB604C0008B5DA1 /* CPJIntroductionTests.m */,
				D981E1111CB604C0008B5DA1 /* Info.plist */,
			);
			path = CPJIntroductionTests;
			sourceTree = "<group>";
		};
		D981E1191CB604C0008B5DA1 /* CPJIntroductionUITests */ = {
			isa = PBXGroup;
			children = (
				D981E11A1CB604C0008B5DA1 /* CPJIntroductionUITests.m */,
				D981E11C1CB604C0008B5DA1 /* Info.plist */,
			);
			path = CPJIntroductionUITests;
			sourceTree = "<group>";
		};
		D981E1281CB6052F008B5DA1 /* CPJIntroduction */ = {
			isa = PBXGroup;
			children = (
				D981E19A1CB63E3D008B5DA1 /* MYBlurIntroductionView */,
				D981E1291CB6054A008B5DA1 /* CPJIntroduction.h */,
				D981E12A1CB6054A008B5DA1 /* CPJIntroduction.m */,
			);
			path = CPJIntroduction;
			sourceTree = "<group>";
		};
		D981E1301CB63A20008B5DA1 /* Common */ = {
			isa = PBXGroup;
			children = (
				D91A6DE31CB75B85001C55DC /* AFNetworking.framework */,
				D981E1471CB63A20008B5DA1 /* MBProgressHUD.h */,
				D981E1481CB63A20008B5DA1 /* MBProgressHUD.m */,
				D981E1491CB63A20008B5DA1 /* MJRefresh */,
				D981E1761CB63A20008B5DA1 /* Reachability.h */,
				D981E1771CB63A20008B5DA1 /* Reachability.m */,
				D981E1781CB63A20008B5DA1 /* UIViewExt.h */,
				D981E1791CB63A20008B5DA1 /* UIViewExt.m */,
			);
			path = Common;
			sourceTree = "<group>";
		};
		D981E1491CB63A20008B5DA1 /* MJRefresh */ = {
			isa = PBXGroup;
			children = (
				D981E14A1CB63A20008B5DA1 /* Base */,
				D981E1551CB63A20008B5DA1 /* Custom */,
				D981E16C1CB63A20008B5DA1 /* MJRefresh.bundle */,
				D981E16D1CB63A20008B5DA1 /* MJRefresh.h */,
				D981E16E1CB63A20008B5DA1 /* MJRefreshConst.h */,
				D981E16F1CB63A20008B5DA1 /* MJRefreshConst.m */,
				D981E1701CB63A20008B5DA1 /* UIScrollView+MJExtension.h */,
				D981E1711CB63A20008B5DA1 /* UIScrollView+MJExtension.m */,
				D981E1721CB63A20008B5DA1 /* UIScrollView+MJRefresh.h */,
				D981E1731CB63A20008B5DA1 /* UIScrollView+MJRefresh.m */,
				D981E1741CB63A20008B5DA1 /* UIView+MJExtension.h */,
				D981E1751CB63A20008B5DA1 /* UIView+MJExtension.m */,
			);
			path = MJRefresh;
			sourceTree = "<group>";
		};
		D981E14A1CB63A20008B5DA1 /* Base */ = {
			isa = PBXGroup;
			children = (
				D981E14B1CB63A20008B5DA1 /* MJRefreshAutoFooter.h */,
				D981E14C1CB63A20008B5DA1 /* MJRefreshAutoFooter.m */,
				D981E14D1CB63A20008B5DA1 /* MJRefreshBackFooter.h */,
				D981E14E1CB63A20008B5DA1 /* MJRefreshBackFooter.m */,
				D981E14F1CB63A20008B5DA1 /* MJRefreshComponent.h */,
				D981E1501CB63A20008B5DA1 /* MJRefreshComponent.m */,
				D981E1511CB63A20008B5DA1 /* MJRefreshFooter.h */,
				D981E1521CB63A20008B5DA1 /* MJRefreshFooter.m */,
				D981E1531CB63A20008B5DA1 /* MJRefreshHeader.h */,
				D981E1541CB63A20008B5DA1 /* MJRefreshHeader.m */,
			);
			path = Base;
			sourceTree = "<group>";
		};
		D981E1551CB63A20008B5DA1 /* Custom */ = {
			isa = PBXGroup;
			children = (
				D981E1561CB63A20008B5DA1 /* Footer */,
				D981E1651CB63A20008B5DA1 /* Header */,
			);
			path = Custom;
			sourceTree = "<group>";
		};
		D981E1561CB63A20008B5DA1 /* Footer */ = {
			isa = PBXGroup;
			children = (
				D981E1571CB63A20008B5DA1 /* Auto */,
				D981E15E1CB63A20008B5DA1 /* Back */,
			);
			path = Footer;
			sourceTree = "<group>";
		};
		D981E1571CB63A20008B5DA1 /* Auto */ = {
			isa = PBXGroup;
			children = (
				D981E1581CB63A20008B5DA1 /* MJRefreshAutoGifFooter.h */,
				D981E1591CB63A20008B5DA1 /* MJRefreshAutoGifFooter.m */,
				D981E15A1CB63A20008B5DA1 /* MJRefreshAutoNormalFooter.h */,
				D981E15B1CB63A20008B5DA1 /* MJRefreshAutoNormalFooter.m */,
				D981E15C1CB63A20008B5DA1 /* MJRefreshAutoStateFooter.h */,
				D981E15D1CB63A20008B5DA1 /* MJRefreshAutoStateFooter.m */,
			);
			path = Auto;
			sourceTree = "<group>";
		};
		D981E15E1CB63A20008B5DA1 /* Back */ = {
			isa = PBXGroup;
			children = (
				D981E15F1CB63A20008B5DA1 /* MJRefreshBackGifFooter.h */,
				D981E1601CB63A20008B5DA1 /* MJRefreshBackGifFooter.m */,
				D981E1611CB63A20008B5DA1 /* MJRefreshBackNormalFooter.h */,
				D981E1621CB63A20008B5DA1 /* MJRefreshBackNormalFooter.m */,
				D981E1631CB63A20008B5DA1 /* MJRefreshBackStateFooter.h */,
				D981E1641CB63A20008B5DA1 /* MJRefreshBackStateFooter.m */,
			);
			path = Back;
			sourceTree = "<group>";
		};
		D981E1651CB63A20008B5DA1 /* Header */ = {
			isa = PBXGroup;
			children = (
				D981E1661CB63A20008B5DA1 /* MJRefreshGifHeader.h */,
				D981E1671CB63A20008B5DA1 /* MJRefreshGifHeader.m */,
				D981E1681CB63A20008B5DA1 /* MJRefreshNormalHeader.h */,
				D981E1691CB63A20008B5DA1 /* MJRefreshNormalHeader.m */,
				D981E16A1CB63A20008B5DA1 /* MJRefreshStateHeader.h */,
				D981E16B1CB63A20008B5DA1 /* MJRefreshStateHeader.m */,
			);
			path = Header;
			sourceTree = "<group>";
		};
		D981E19A1CB63E3D008B5DA1 /* MYBlurIntroductionView */ = {
			isa = PBXGroup;
			children = (
				D981E19B1CB63E3D008B5DA1 /* MYBlurIntroductionView.h */,
				D981E19C1CB63E3D008B5DA1 /* MYBlurIntroductionView.m */,
				D981E19D1CB63E3D008B5DA1 /* MYIntroductionPanel.h */,
				D981E19E1CB63E3D008B5DA1 /* MYIntroductionPanel.m */,
			);
			path = MYBlurIntroductionView;
			sourceTree = "<group>";
		};
/* End PBXGroup section */

/* Begin PBXNativeTarget section */
		D981E0F11CB604C0008B5DA1 /* CPJIntroduction */ = {
			isa = PBXNativeTarget;
			buildConfigurationList = D981E11F1CB604C0008B5DA1 /* Build configuration list for PBXNativeTarget "CPJIntroduction" */;
			buildPhases = (
				D981E0EE1CB604C0008B5DA1 /* Sources */,
				D981E0EF1CB604C0008B5DA1 /* Frameworks */,
				D981E0F01CB604C0008B5DA1 /* Resources */,
			);
			buildRules = (
			);
			dependencies = (
			);
			name = CPJIntroduction;
			productName = CPJIntroduction;
			productReference = D981E0F21CB604C0008B5DA1 /* CPJIntroduction.app */;
			productType = "com.apple.product-type.application";
		};
		D981E10A1CB604C0008B5DA1 /* CPJIntroductionTests */ = {
			isa = PBXNativeTarget;
			buildConfigurationList = D981E1221CB604C0008B5DA1 /* Build configuration list for PBXNativeTarget "CPJIntroductionTests" */;
			buildPhases = (
				D981E1071CB604C0008B5DA1 /* Sources */,
				D981E1081CB604C0008B5DA1 /* Frameworks */,
				D981E1091CB604C0008B5DA1 /* Resources */,
			);
			buildRules = (
			);
			dependencies = (
				D981E10D1CB604C0008B5DA1 /* PBXTargetDependency */,
			);
			name = CPJIntroductionTests;
			productName = CPJIntroductionTests;
			productReference = D981E10B1CB604C0008B5DA1 /* CPJIntroductionTests.xctest */;
			productType = "com.apple.product-type.bundle.unit-test";
		};
		D981E1151CB604C0008B5DA1 /* CPJIntroductionUITests */ = {
			isa = PBXNativeTarget;
			buildConfigurationList = D981E1251CB604C0008B5DA1 /* Build configuration list for PBXNativeTarget "CPJIntroductionUITests" */;
			buildPhases = (
				D981E1121CB604C0008B5DA1 /* Sources */,
				D981E1131CB604C0008B5DA1 /* Frameworks */,
				D981E1141CB604C0008B5DA1 /* Resources */,
			);
			buildRules = (
			);
			dependencies = (
				D981E1181CB604C0008B5DA1 /* PBXTargetDependency */,
			);
			name = CPJIntroductionUITests;
			productName = CPJIntroductionUITests;
			productReference = D981E1161CB604C0008B5DA1 /* CPJIntroductionUITests.xctest */;
			productType = "com.apple.product-type.bundle.ui-testing";
		};
/* End PBXNativeTarget section */

/* Begin PBXProject section */
		D981E0EA1CB604C0008B5DA1 /* Project object */ = {
			isa = PBXProject;
			attributes = {
				LastUpgradeCheck = 0730;
				ORGANIZATIONNAME = cpj;
				TargetAttributes = {
					D981E0F11CB604C0008B5DA1 = {
						CreatedOnToolsVersion = 7.3;
					};
					D981E10A1CB604C0008B5DA1 = {
						CreatedOnToolsVersion = 7.3;
						TestTargetID = D981E0F11CB604C0008B5DA1;
					};
					D981E1151CB604C0008B5DA1 = {
						CreatedOnToolsVersion = 7.3;
						TestTargetID = D981E0F11CB604C0008B5DA1;
					};
				};
			};
			buildConfigurationList = D981E0ED1CB604C0008B5DA1 /* Build configuration list for PBXProject "CPJIntroduction" */;
			compatibilityVersion = "Xcode 3.2";
			developmentRegion = English;
			hasScannedForEncodings = 0;
			knownRegions = (
				en,
				Base,
			);
			mainGroup = D981E0E91CB604C0008B5DA1;
			productRefGroup = D981E0F31CB604C0008B5DA1 /* Products */;
			projectDirPath = "";
			projectRoot = "";
			targets = (
				D981E0F11CB604C0008B5DA1 /* CPJIntroduction */,
				D981E10A1CB604C0008B5DA1 /* CPJIntroductionTests */,
				D981E1151CB604C0008B5DA1 /* CPJIntroductionUITests */,
			);
		};
/* End PBXProject section */

/* Begin PBXResourcesBuildPhase section */
		D981E0F01CB604C0008B5DA1 /* Resources */ = {
			isa = PBXResourcesBuildPhase;
			buildActionMask = 2147483647;
			files = (
				D981E1A21CB66771008B5DA1 /* app.py in Resources */,
				D981E1051CB604C0008B5DA1 /* LaunchScreen.storyboard in Resources */,
				D981E12D1CB6363C008B5DA1 /* IntroductionJson.json in Resources */,
				D981E1021CB604C0008B5DA1 /* Assets.xcassets in Resources */,
				D981E1921CB63A20008B5DA1 /* MJRefresh.bundle in Resources */,
				D981E1001CB604C0008B5DA1 /* Main.storyboard in Resources */,
			);
			runOnlyForDeploymentPostprocessing = 0;
		};
		D981E1091CB604C0008B5DA1 /* Resources */ = {
			isa = PBXResourcesBuildPhase;
			buildActionMask = 2147483647;
			files = (
			);
			runOnlyForDeploymentPostprocessing = 0;
		};
		D981E1141CB604C0008B5DA1 /* Resources */ = {
			isa = PBXResourcesBuildPhase;
			buildActionMask = 2147483647;
			files = (
			);
			runOnlyForDeploymentPostprocessing = 0;
		};
/* End PBXResourcesBuildPhase section */

/* Begin PBXSourcesBuildPhase section */
		D981E0EE1CB604C0008B5DA1 /* Sources */ = {
			isa = PBXSourcesBuildPhase;
			buildActionMask = 2147483647;
			files = (
				D981E1A01CB63E3D008B5DA1 /* MYIntroductionPanel.m in Sources */,
				D981E1901CB63A20008B5DA1 /* MJRefreshNormalHeader.m in Sources */,
				D981E1861CB63A20008B5DA1 /* MJRefreshComponent.m in Sources */,
				D981E0FD1CB604C0008B5DA1 /* ViewController.m in Sources */,
				D981E1951CB63A20008B5DA1 /* UIScrollView+MJRefresh.m in Sources */,
				D981E0FA1CB604C0008B5DA1 /* AppDelegate.m in Sources */,
				D981E1961CB63A20008B5DA1 /* UIView+MJExtension.m in Sources */,
				D981E18A1CB63A20008B5DA1 /* MJRefreshAutoNormalFooter.m in Sources */,
				D981E1871CB63A20008B5DA1 /* MJRefreshFooter.m in Sources */,
				D981E1911CB63A20008B5DA1 /* MJRefreshStateHeader.m in Sources */,
				D981E1891CB63A20008B5DA1 /* MJRefreshAutoGifFooter.m in Sources */,
				D981E1851CB63A20008B5DA1 /* MJRefreshBackFooter.m in Sources */,
				D981E18E1CB63A20008B5DA1 /* MJRefreshBackStateFooter.m in Sources */,
				D981E1981CB63A20008B5DA1 /* UIViewExt.m in Sources */,
				D981E18F1CB63A20008B5DA1 /* MJRefreshGifHeader.m in Sources */,
				D981E0F71CB604C0008B5DA1 /* main.m in Sources */,
				D981E1841CB63A20008B5DA1 /* MJRefreshAutoFooter.m in Sources */,
				D981E1931CB63A20008B5DA1 /* MJRefreshConst.m in Sources */,
				D981E18C1CB63A20008B5DA1 /* MJRefreshBackGifFooter.m in Sources */,
				D981E1971CB63A20008B5DA1 /* Reachability.m in Sources */,
				D981E1881CB63A20008B5DA1 /* MJRefreshHeader.m in Sources */,
				D981E1941CB63A20008B5DA1 /* UIScrollView+MJExtension.m in Sources */,
				D981E18B1CB63A20008B5DA1 /* MJRefreshAutoStateFooter.m in Sources */,
				D981E18D1CB63A20008B5DA1 /* MJRefreshBackNormalFooter.m in Sources */,
				D981E19F1CB63E3D008B5DA1 /* MYBlurIntroductionView.m in Sources */,
				D981E12B1CB6054A008B5DA1 /* CPJIntroduction.m in Sources */,
				D981E1831CB63A20008B5DA1 /* MBProgressHUD.m in Sources */,
			);
			runOnlyForDeploymentPostprocessing = 0;
		};
		D981E1071CB604C0008B5DA1 /* Sources */ = {
			isa = PBXSourcesBuildPhase;
			buildActionMask = 2147483647;
			files = (
				D981E1101CB604C0008B5DA1 /* CPJIntroductionTests.m in Sources */,
			);
			runOnlyForDeploymentPostprocessing = 0;
		};
		D981E1121CB604C0008B5DA1 /* Sources */ = {
			isa = PBXSourcesBuildPhase;
			buildActionMask = 2147483647;
			files = (
				D981E11B1CB604C0008B5DA1 /* CPJIntroductionUITests.m in Sources */,
			);
			runOnlyForDeploymentPostprocessing = 0;
		};
/* End PBXSourcesBuildPhase section */

/* Begin PBXTargetDependency section */
		D981E10D1CB604C0008B5DA1 /* PBXTargetDependency */ = {
			isa = PBXTargetDependency;
			target = D981E0F11CB604C0008B5DA1 /* CPJIntroduction */;
			targetProxy = D981E10C1CB604C0008B5DA1 /* PBXContainerItemProxy */;
		};
		D981E1181CB604C0008B5DA1 /* PBXTargetDependency */ = {
			isa = PBXTargetDependency;
			target = D981E0F11CB604C0008B5DA1 /* CPJIntroduction */;
			targetProxy = D981E1171CB604C0008B5DA1 /* PBXContainerItemProxy */;
		};
/* End PBXTargetDependency section */

/* Begin PBXVariantGroup section */
		D981E0FE1CB604C0008B5DA1 /* Main.storyboard */ = {
			isa = PBXVariantGroup;
			children = (
				D981E0FF1CB604C0008B5DA1 /* Base */,
			);
			name = Main.storyboard;
			sourceTree = "<group>";
		};
		D981E1031CB604C0008B5DA1 /* LaunchScreen.storyboard */ = {
			isa = PBXVariantGroup;
			children = (
				D981E1041CB604C0008B5DA1 /* Base */,
			);
			name = LaunchScreen.storyboard;
			sourceTree = "<group>";
		};
/* End PBXVariantGroup section */

/* Begin XCBuildConfiguration section */
		D981E11D1CB604C0008B5DA1 /* Debug */ = {
			isa = XCBuildConfiguration;
			buildSettings = {
				ALWAYS_SEARCH_USER_PATHS = NO;
				CLANG_ANALYZER_NONNULL = YES;
				CLANG_CXX_LANGUAGE_STANDARD = "gnu++0x";
				CLANG_CXX_LIBRARY = "libc++";
				CLANG_ENABLE_MODULES = YES;
				CLANG_ENABLE_OBJC_ARC = YES;
				CLANG_WARN_BOOL_CONVERSION = YES;
				CLANG_WARN_CONSTANT_CONVERSION = YES;
				CLANG_WARN_DIRECT_OBJC_ISA_USAGE = YES_ERROR;
				CLANG_WARN_EMPTY_BODY = YES;
				CLANG_WARN_ENUM_CONVERSION = YES;
				CLANG_WARN_INT_CONVERSION = YES;
				CLANG_WARN_OBJC_ROOT_CLASS = YES_ERROR;
				CLANG_WARN_UNREACHABLE_CODE = YES;
				CLANG_WARN__DUPLICATE_METHOD_MATCH = YES;
				"CODE_SIGN_IDENTITY[sdk=iphoneos*]" = "iPhone Developer";
				COPY_PHASE_STRIP = NO;
				DEBUG_INFORMATION_FORMAT = dwarf;
				ENABLE_BITCODE = NO;
				ENABLE_STRICT_OBJC_MSGSEND = YES;
				ENABLE_TESTABILITY = YES;
				GCC_C_LANGUAGE_STANDARD = gnu99;
				GCC_DYNAMIC_NO_PIC = NO;
				GCC_NO_COMMON_BLOCKS = YES;
				GCC_OPTIMIZATION_LEVEL = 0;
				GCC_PREPROCESSOR_DEFINITIONS = (
					"DEBUG=1",
					"$(inherited)",
				);
				GCC_WARN_64_TO_32_BIT_CONVERSION = YES;
				GCC_WARN_ABOUT_RETURN_TYPE = YES_ERROR;
				GCC_WARN_UNDECLARED_SELECTOR = YES;
				GCC_WARN_UNINITIALIZED_AUTOS = YES_AGGRESSIVE;
				GCC_WARN_UNUSED_FUNCTION = YES;
				GCC_WARN_UNUSED_VARIABLE = YES;
				IPHONEOS_DEPLOYMENT_TARGET = 9.0;
				MTL_ENABLE_DEBUG_INFO = YES;
				ONLY_ACTIVE_ARCH = YES;
				OTHER_LDFLAGS = "-ObjC";
				SDKROOT = iphoneos;
				TARGETED_DEVICE_FAMILY = "1,2";
			};
			name = Debug;
		};
		D981E11E1CB604C0008B5DA1 /* Release */ = {
			isa = XCBuildConfiguration;
			buildSettings = {
				ALWAYS_SEARCH_USER_PATHS = NO;
				CLANG_ANALYZER_NONNULL = YES;
				CLANG_CXX_LANGUAGE_STANDARD = "gnu++0x";
				CLANG_CXX_LIBRARY = "libc++";
				CLANG_ENABLE_MODULES = YES;
				CLANG_ENABLE_OBJC_ARC = YES;
				CLANG_WARN_BOOL_CONVERSION = YES;
				CLANG_WARN_CONSTANT_CONVERSION = YES;
				CLANG_WARN_DIRECT_OBJC_ISA_USAGE = YES_ERROR;
				CLANG_WARN_EMPTY_BODY = YES;
				CLANG_WARN_ENUM_CONVERSION = YES;
				CLANG_WARN_INT_CONVERSION = YES;
				CLANG_WARN_OBJC_ROOT_CLASS = YES_ERROR;
				CLANG_WARN_UNREACHABLE_CODE = YES;
				CLANG_WARN__DUPLICATE_METHOD_MATCH = YES;
				"CODE_SIGN_IDENTITY[sdk=iphoneos*]" = "iPhone Developer";
				COPY_PHASE_STRIP = NO;
				DEBUG_INFORMATION_FORMAT = "dwarf-with-dsym";
				ENABLE_BITCODE = NO;
				ENABLE_NS_ASSERTIONS = NO;
				ENABLE_STRICT_OBJC_MSGSEND = YES;
				GCC_C_LANGUAGE_STANDARD = gnu99;
				GCC_NO_COMMON_BLOCKS = YES;
				GCC_WARN_64_TO_32_BIT_CONVERSION = YES;
				GCC_WARN_ABOUT_RETURN_TYPE = YES_ERROR;
				GCC_WARN_UNDECLARED_SELECTOR = YES;
				GCC_WARN_UNINITIALIZED_AUTOS = YES_AGGRESSIVE;
				GCC_WARN_UNUSED_FUNCTION = YES;
				GCC_WARN_UNUSED_VARIABLE = YES;
				IPHONEOS_DEPLOYMENT_TARGET = 9.0;
				MTL_ENABLE_DEBUG_INFO = NO;
				OTHER_LDFLAGS = "-ObjC";
				SDKROOT = iphoneos;
				TARGETED_DEVICE_FAMILY = "1,2";
				VALIDATE_PRODUCT = YES;
			};
			name = Release;
		};
		D981E1201CB604C0008B5DA1 /* Debug */ = {
			isa = XCBuildConfiguration;
			buildSettings = {
				ASSETCATALOG_COMPILER_APPICON_NAME = AppIcon;
				FRAMEWORK_SEARCH_PATHS = (
					"$(inherited)",
					"$(PROJECT_DIR)/CPJIntroduction",
					"$(PROJECT_DIR)/CPJIntroduction/Common",
				);
				GCC_PRECOMPILE_PREFIX_HEADER = YES;
				GCC_PREFIX_HEADER = "$(SRCROOT)/CPJIntroduction/PrefixHeader.pch";
				INFOPLIST_FILE = CPJIntroduction/Info.plist;
				IPHONEOS_DEPLOYMENT_TARGET = 9.0;
				LD_RUNPATH_SEARCH_PATHS = "$(inherited) @executable_path/Frameworks";
				PRODUCT_BUNDLE_IDENTIFIER = com.zhaishuai.CPJIntroduction;
				PRODUCT_NAME = "$(TARGET_NAME)";
			};
			name = Debug;
		};
		D981E1211CB604C0008B5DA1 /* Release */ = {
			isa = XCBuildConfiguration;
			buildSettings = {
				ASSETCATALOG_COMPILER_APPICON_NAME = AppIcon;
				FRAMEWORK_SEARCH_PATHS = (
					"$(inherited)",
					"$(PROJECT_DIR)/CPJIntroduction",
					"$(PROJECT_DIR)/CPJIntroduction/Common",
				);
				GCC_PRECOMPILE_PREFIX_HEADER = YES;
				GCC_PREFIX_HEADER = "$(SRCROOT)/CPJIntroduction/PrefixHeader.pch";
				INFOPLIST_FILE = CPJIntroduction/Info.plist;
				IPHONEOS_DEPLOYMENT_TARGET = 9.0;
				LD_RUNPATH_SEARCH_PATHS = "$(inherited) @executable_path/Frameworks";
				PRODUCT_BUNDLE_IDENTIFIER = com.zhaishuai.CPJIntroduction;
				PRODUCT_NAME = "$(TARGET_NAME)";
			};
			name = Release;
		};
		D981E1231CB604C0008B5DA1 /* Debug */ = {
			isa = XCBuildConfiguration;
			buildSettings = {
				BUNDLE_LOADER = "$(TEST_HOST)";
				INFOPLIST_FILE = CPJIntroductionTests/Info.plist;
				LD_RUNPATH_SEARCH_PATHS = "$(inherited) @executable_path/Frameworks @loader_path/Frameworks";
				PRODUCT_BUNDLE_IDENTIFIER = com.zhaishuai.CPJIntroductionTests;
				PRODUCT_NAME = "$(TARGET_NAME)";
				TEST_HOST = "$(BUILT_PRODUCTS_DIR)/CPJIntroduction.app/CPJIntroduction";
			};
			name = Debug;
		};
		D981E1241CB604C0008B5DA1 /* Release */ = {
			isa = XCBuildConfiguration;
			buildSettings = {
				BUNDLE_LOADER = "$(TEST_HOST)";
				INFOPLIST_FILE = CPJIntroductionTests/Info.plist;
				LD_RUNPATH_SEARCH_PATHS = "$(inherited) @executable_path/Frameworks @loader_path/Frameworks";
				PRODUCT_BUNDLE_IDENTIFIER = com.zhaishuai.CPJIntroductionTests;
				PRODUCT_NAME = "$(TARGET_NAME)";
				TEST_HOST = "$(BUILT_PRODUCTS_DIR)/CPJIntroduction.app/CPJIntroduction";
			};
			name = Release;
		};
		D981E1261CB604C0008B5DA1 /* Debug */ = {
			isa = XCBuildConfiguration;
			buildSettings = {
				INFOPLIST_FILE = CPJIntroductionUITests/Info.plist;
				LD_RUNPATH_SEARCH_PATHS = "$(inherited) @executable_path/Frameworks @loader_path/Frameworks";
				PRODUCT_BUNDLE_IDENTIFIER = com.zhaishuai.CPJIntroductionUITests;
				PRODUCT_NAME = "$(TARGET_NAME)";
				TEST_TARGET_NAME = CPJIntroduction;
			};
			name = Debug;
		};
		D981E1271CB604C0008B5DA1 /* Release */ = {
			isa = XCBuildConfiguration;
			buildSettings = {
				INFOPLIST_FILE = CPJIntroductionUITests/Info.plist;
				LD_RUNPATH_SEARCH_PATHS = "$(inherited) @executable_path/Frameworks @loader_path/Frameworks";
				PRODUCT_BUNDLE_IDENTIFIER = com.zhaishuai.CPJIntroductionUITests;
				PRODUCT_NAME = "$(TARGET_NAME)";
				TEST_TARGET_NAME = CPJIntroduction;
			};
			name = Release;
		};
/* End XCBuildConfiguration section */

/* Begin XCConfigurationList section */
		D981E0ED1CB604C0008B5DA1 /* Build configuration list for PBXProject "CPJIntroduction" */ = {
			isa = XCConfigurationList;
			buildConfigurations = (
				D981E11D1CB604C0008B5DA1 /* Debug */,
				D981E11E1CB604C0008B5DA1 /* Release */,
			);
			defaultConfigurationIsVisible = 0;
			defaultConfigurationName = Release;
		};
		D981E11F1CB604C0008B5DA1 /* Build configuration list for PBXNativeTarget "CPJIntroduction" */ = {
			isa = XCConfigurationList;
			buildConfigurations = (
				D981E1201CB604C0008B5DA1 /* Debug */,
				D981E1211CB604C0008B5DA1 /* Release */,
			);
			defaultConfigurationIsVisible = 0;
			defaultConfigurationName = Release;
		};
		D981E1221CB604C0008B5DA1 /* Build configuration list for PBXNativeTarget "CPJIntroductionTests" */ = {
			isa = XCConfigurationList;
			buildConfigurations = (
				D981E1231CB604C0008B5DA1 /* Debug */,
				D981E1241CB604C0008B5DA1 /* Release */,
			);
			defaultConfigurationIsVisible = 0;
			defaultConfigurationName = Release;
		};
		D981E1251CB604C0008B5DA1 /* Build configuration list for PBXNativeTarget "CPJIntroductionUITests" */ = {
			isa = XCConfigurationList;
			buildConfigurations = (
				D981E1261CB604C0008B5DA1 /* Debug */,
				D981E1271CB604C0008B5DA1 /* Release */,
			);
			defaultConfigurationIsVisible = 0;
			defaultConfigurationName = Release;
		};
/* End XCConfigurationList section */
	};
	rootObject = D981E0EA1CB604C0008B5DA1 /* Project object */;
}
